
Microsoft Visual Studio Solution File, Format Version 12.00
# Visual Studio 15
VisualStudioVersion = 15.0.28307.168
MinimumVisualStudioVersion = 10.0.40219.1
Project("{E24C65DC-7377-472B-9ABA-BC803B73C61A}") = "AcumaticaDemo2019", "http://localhost/AcumaticaDemo2019", "{06481509-5BED-40CC-A8E5-FAE0DC7F3400}"
	ProjectSection(WebsiteProperties) = preProject
		UseIISExpress = "false"
		TargetFrameworkMoniker = ".NETFramework,Version%3Dv4.7.1"
		ProjectReferences = "{769d0108-a644-4dcf-b96e-ac00fb22f9c3}|Velixo.HsbcEBanking.dll;"
		Debug.AspNetCompiler.VirtualPath = "/AcumaticaDemo2019"
		Debug.AspNetCompiler.PhysicalPath = "..\..\Program Files\Acumatica ERP\AcumaticaDemo2019\"
		Debug.AspNetCompiler.TargetPath = "PrecompiledWeb\AcumaticaDemo2019\"
		Debug.AspNetCompiler.Updateable = "true"
		Debug.AspNetCompiler.ForceOverwrite = "true"
		Debug.AspNetCompiler.FixedNames = "false"
		Debug.AspNetCompiler.Debug = "True"
		Release.AspNetCompiler.VirtualPath = "/AcumaticaDemo2019"
		Release.AspNetCompiler.PhysicalPath = "..\..\Program Files\Acumatica ERP\AcumaticaDemo2019\"
		Release.AspNetCompiler.TargetPath = "PrecompiledWeb\AcumaticaDemo2019\"
		Release.AspNetCompiler.Updateable = "true"
		Release.AspNetCompiler.ForceOverwrite = "true"
		Release.AspNetCompiler.FixedNames = "false"
		Release.AspNetCompiler.Debug = "False"
		SlnRelativePath = "..\..\Program Files\Acumatica ERP\AcumaticaDemo2019\"
	EndProjectSection
EndProject
Project("{FAE04EC0-301F-11D3-BF4B-00C04F79EFBC}") = "Velixo.HsbcEBanking", "Velixo.HsbcEBanking.csproj", "{769D0108-A644-4DCF-B96E-AC00FB22F9C3}"
EndProject
Global
	GlobalSection(SolutionConfigurationPlatforms) = preSolution
		Debug|Any CPU = Debug|Any CPU
		Release|Any CPU = Release|Any CPU
	EndGlobalSection
	GlobalSection(ProjectConfigurationPlatforms) = postSolution
		{06481509-5BED-40CC-A8E5-FAE0DC7F3400}.Debug|Any CPU.ActiveCfg = Debug|Any CPU
		{06481509-5BED-40CC-A8E5-FAE0DC7F3400}.Debug|Any CPU.Build.0 = Debug|Any CPU
		{06481509-5BED-40CC-A8E5-FAE0DC7F3400}.Release|Any CPU.ActiveCfg = Debug|Any CPU
		{06481509-5BED-40CC-A8E5-FAE0DC7F3400}.Release|Any CPU.Build.0 = Debug|Any CPU
		{769D0108-A644-4DCF-B96E-AC00FB22F9C3}.Debug|Any CPU.ActiveCfg = Debug|Any CPU
		{769D0108-A644-4DCF-B96E-AC00FB22F9C3}.Debug|Any CPU.Build.0 = Debug|Any CPU
		{769D0108-A644-4DCF-B96E-AC00FB22F9C3}.Release|Any CPU.ActiveCfg = Release|Any CPU
		{769D0108-A644-4DCF-B96E-AC00FB22F9C3}.Release|Any CPU.Build.0 = Release|Any CPU
	EndGlobalSection
	GlobalSection(SolutionProperties) = preSolution
		HideSolutionNode = FALSE
	EndGlobalSection
	GlobalSection(ExtensibilityGlobals) = postSolution
		SolutionGuid = {A56BDB11-A1B0-468A-B971-D9FA9751EDE9}
	EndGlobalSection
EndGlobal
